{
  "name": "Joueur.js",
  "version": "0.0.2",
  "lockfileVersion": 1,
  "requires": true,
  "dependencies": {
    "acorn": {
      "version": "2.7.0",
      "resolved": "https://registry.npmjs.org/acorn/-/acorn-2.7.0.tgz",
      "integrity": "sha1-q259nYhqrKiwhbwzEreaGYQz8Oc="
    },
    "argparse": {
      "version": "1.0.2",
      "resolved": "https://registry.npmjs.org/argparse/-/argparse-1.0.2.tgz",
      "integrity": "sha1-vPrjkFllbRlz0LnmoadBVLWpoTY=",
      "requires": {
        "lodash": "3.10.1",
        "sprintf-js": "1.0.3"
      }
    },
    "bindings": {
      "version": "1.2.1",
      "resolved": "https://registry.npmjs.org/bindings/-/bindings-1.2.1.tgz",
      "integrity": "sha1-FK1hE4EtLTfXLme0ystLtyZQXxE=",
      "optional": true
    },
    "chess.js": {
      "version": "github:JacobFischer/chess.js#5b2c609a3537cb0dcaf710d87758563fd32f704b"
    },
    "lodash": {
      "version": "3.10.1",
      "resolved": "https://registry.npmjs.org/lodash/-/lodash-3.10.1.tgz",
      "integrity": "sha1-W/Rejkm6QYnhfUgnid/RW9FAt7Y="
    },
    "netlinkwrapper": {
      "version": "1.0.0",
      "resolved": "https://registry.npmjs.org/netlinkwrapper/-/netlinkwrapper-1.0.0.tgz",
      "integrity": "sha1-7+uGn0KSvE6abgIBc+PycZ8EqqE=",
      "optional": true,
      "requires": {
        "bindings": "1.2.1"
      }
    },
    "sprintf-js": {
      "version": "1.0.3",
      "resolved": "https://registry.npmjs.org/sprintf-js/-/sprintf-js-1.0.3.tgz",
      "integrity": "sha1-BOaSb2YolTVPPdAVIDYzuFcpfiw="
    },
    "sync-socket": {
      "version": "1.0.0",
      "resolved": "https://registry.npmjs.org/sync-socket/-/sync-socket-1.0.0.tgz",
      "integrity": "sha1-Dk7OjJU23EWIBwSLrlNr8BT/uT8="
    },
    "syntax-error": {
      "version": "1.1.6",
      "resolved": "https://registry.npmjs.org/syntax-error/-/syntax-error-1.1.6.tgz",
      "integrity": "sha1-tFSXBtOGzBwdx8JCPxhXm2yt5xA=",
      "requires": {
        "acorn": "2.7.0"
      }
    }
  }
}
